
Microsoft Visual Studio Solution File, Format Version 12.00
# Visual Studio Version 17
VisualStudioVersion = 17.13.35931.197 d17.13
MinimumVisualStudioVersion = 10.0.40219.1
Project("{FAE04EC0-301F-11D3-BF4B-00C04F79EFBC}") = "easy animation", "easy animation\easy animation.csproj", "{A35DBE09-A6B0-4DC3-B237-0C34AF9C1AC6}"
EndProject
Global
	GlobalSection(SolutionConfigurationPlatforms) = preSolution
		Debug|Any CPU = Debug|Any CPU
		Release|Any CPU = Release|Any CPU
	EndGlobalSection
	GlobalSection(ProjectConfigurationPlatforms) = postSolution
		{A35DBE09-A6B0-4DC3-B237-0C34AF9C1AC6}.Debug|Any CPU.ActiveCfg = Debug|Any CPU
		{A35DBE09-A6B0-4DC3-B237-0C34AF9C1AC6}.Debug|Any CPU.Build.0 = Debug|Any CPU
		{A35DBE09-A6B0-4DC3-B237-0C34AF9C1AC6}.Release|Any CPU.ActiveCfg = Release|Any CPU
		{A35DBE09-A6B0-4DC3-B237-0C34AF9C1AC6}.Release|Any CPU.Build.0 = Release|Any CPU
	EndGlobalSection
	GlobalSection(SolutionProperties) = preSolution
		HideSolutionNode = FALSE
	EndGlobalSection
	GlobalSection(ExtensibilityGlobals) = postSolution
		SolutionGuid = {61F0FD09-2285-425B-B6AB-7909F09FC17F}
	EndGlobalSection
EndGlobal
